
Microsoft Visual Studio Solution File, Format Version 12.00
# Visual Studio Version 17
VisualStudioVersion = 17.4.33213.308
MinimumVisualStudioVersion = 10.0.40219.1
Project("{FAE04EC0-301F-11D3-BF4B-00C04F79EFBC}") = "HeritageDemo", "HeritageDemo.csproj", "{44D216DE-13B7-4E93-ADBC-6B4A44177A7F}"
EndProject
Global
	GlobalSection(SolutionConfigurationPlatforms) = preSolution
		Debug|Any CPU = Debug|Any CPU
		Release|Any CPU = Release|Any CPU
	EndGlobalSection
	GlobalSection(ProjectConfigurationPlatforms) = postSolution
		{44D216DE-13B7-4E93-ADBC-6B4A44177A7F}.Debug|Any CPU.ActiveCfg = Debug|Any CPU
		{44D216DE-13B7-4E93-ADBC-6B4A44177A7F}.Debug|Any CPU.Build.0 = Debug|Any CPU
		{44D216DE-13B7-4E93-ADBC-6B4A44177A7F}.Release|Any CPU.ActiveCfg = Release|Any CPU
		{44D216DE-13B7-4E93-ADBC-6B4A44177A7F}.Release|Any CPU.Build.0 = Release|Any CPU
	EndGlobalSection
	GlobalSection(SolutionProperties) = preSolution
		HideSolutionNode = FALSE
	EndGlobalSection
	GlobalSection(ExtensibilityGlobals) = postSolution
		SolutionGuid = {46506B82-540E-4307-9B70-F6CC33F85A3C}
	EndGlobalSection
EndGlobal
